
Microsoft Visual Studio Solution File, Format Version 12.00
# Visual Studio Version 16
VisualStudioVersion = 16.0.29424.173
MinimumVisualStudioVersion = 10.0.40219.1
Project("{FAE04EC0-301F-11D3-BF4B-00C04F79EFBC}") = "ZooDB", "ZooDB\ZooDB.csproj", "{68C8F06F-35C5-4ECB-8E29-C487F881AC10}"
EndProject
Global
	GlobalSection(SolutionConfigurationPlatforms) = preSolution
		Debug|Any CPU = Debug|Any CPU
		Release|Any CPU = Release|Any CPU
	EndGlobalSection
	GlobalSection(ProjectConfigurationPlatforms) = postSolution
		{68C8F06F-35C5-4ECB-8E29-C487F881AC10}.Debug|Any CPU.ActiveCfg = Debug|Any CPU
		{68C8F06F-35C5-4ECB-8E29-C487F881AC10}.Debug|Any CPU.Build.0 = Debug|Any CPU
		{68C8F06F-35C5-4ECB-8E29-C487F881AC10}.Release|Any CPU.ActiveCfg = Release|Any CPU
		{68C8F06F-35C5-4ECB-8E29-C487F881AC10}.Release|Any CPU.Build.0 = Release|Any CPU
	EndGlobalSection
	GlobalSection(SolutionProperties) = preSolution
		HideSolutionNode = FALSE
	EndGlobalSection
	GlobalSection(ExtensibilityGlobals) = postSolution
		SolutionGuid = {F0A5213E-43F2-4169-ACE2-C14CCDE50231}
	EndGlobalSection
EndGlobal
