
Microsoft Visual Studio Solution File, Format Version 12.00
# Visual Studio 15
VisualStudioVersion = 15.0.28307.1000
MinimumVisualStudioVersion = 10.0.40219.1
Project("{FAE04EC0-301F-11D3-BF4B-00C04F79EFBC}") = "ZooCompanion", "ZooCompanion\ZooCompanion.csproj", "{6F69B9AE-640F-4118-8C4E-B76568903837}"
EndProject
Project("{FAE04EC0-301F-11D3-BF4B-00C04F79EFBC}") = "AnimalDataAccess", "AnimalDataAccess\AnimalDataAccess.csproj", "{8F841977-B86F-44D8-A91C-9735B6EF8206}"
EndProject
Project("{FAE04EC0-301F-11D3-BF4B-00C04F79EFBC}") = "AdminPortal", "AdminPortal\AdminPortal.csproj", "{B2C27317-3850-4C3E-9C27-1BA850829851}"
EndProject
Project("{FAE04EC0-301F-11D3-BF4B-00C04F79EFBC}") = "AdminPortalBackendTests", "AdminPortalBackendTests\AdminPortalBackendTests.csproj", "{47857B69-0B47-4D3F-9ECE-2681719F28FB}"
EndProject
Global
	GlobalSection(SolutionConfigurationPlatforms) = preSolution
		Debug|Any CPU = Debug|Any CPU
		Release|Any CPU = Release|Any CPU
	EndGlobalSection
	GlobalSection(ProjectConfigurationPlatforms) = postSolution
		{6F69B9AE-640F-4118-8C4E-B76568903837}.Debug|Any CPU.ActiveCfg = Debug|Any CPU
		{6F69B9AE-640F-4118-8C4E-B76568903837}.Debug|Any CPU.Build.0 = Debug|Any CPU
		{6F69B9AE-640F-4118-8C4E-B76568903837}.Release|Any CPU.ActiveCfg = Release|Any CPU
		{6F69B9AE-640F-4118-8C4E-B76568903837}.Release|Any CPU.Build.0 = Release|Any CPU
		{8F841977-B86F-44D8-A91C-9735B6EF8206}.Debug|Any CPU.ActiveCfg = Debug|Any CPU
		{8F841977-B86F-44D8-A91C-9735B6EF8206}.Debug|Any CPU.Build.0 = Debug|Any CPU
		{8F841977-B86F-44D8-A91C-9735B6EF8206}.Release|Any CPU.ActiveCfg = Release|Any CPU
		{8F841977-B86F-44D8-A91C-9735B6EF8206}.Release|Any CPU.Build.0 = Release|Any CPU
		{B2C27317-3850-4C3E-9C27-1BA850829851}.Debug|Any CPU.ActiveCfg = Debug|Any CPU
		{B2C27317-3850-4C3E-9C27-1BA850829851}.Debug|Any CPU.Build.0 = Debug|Any CPU
		{B2C27317-3850-4C3E-9C27-1BA850829851}.Release|Any CPU.ActiveCfg = Release|Any CPU
		{B2C27317-3850-4C3E-9C27-1BA850829851}.Release|Any CPU.Build.0 = Release|Any CPU
		{47857B69-0B47-4D3F-9ECE-2681719F28FB}.Debug|Any CPU.ActiveCfg = Debug|Any CPU
		{47857B69-0B47-4D3F-9ECE-2681719F28FB}.Debug|Any CPU.Build.0 = Debug|Any CPU
		{47857B69-0B47-4D3F-9ECE-2681719F28FB}.Release|Any CPU.ActiveCfg = Release|Any CPU
		{47857B69-0B47-4D3F-9ECE-2681719F28FB}.Release|Any CPU.Build.0 = Release|Any CPU
	EndGlobalSection
	GlobalSection(SolutionProperties) = preSolution
		HideSolutionNode = FALSE
	EndGlobalSection
	GlobalSection(ExtensibilityGlobals) = postSolution
		SolutionGuid = {8EF56029-A74E-4F3C-BD5C-6A33EC35F202}
	EndGlobalSection
EndGlobal
